<?xml version="1.0" encoding="utf-8"?>
<Project ToolsVersion="4.0" xmlns="http://schemas.microsoft.com/developer/msbuild/2003">
  <ItemGroup>
    <Filter Include="源文件">
      <UniqueIdentifier>{4FC737F1-C7A5-4376-A066-2A32D752A2FF}</UniqueIdentifier>
      <Extensions>cpp;c;cc;cxx;def;odl;idl;hpj;bat;asm;asmx</Extensions>
    </Filter>
    <Filter Include="头文件">
      <UniqueIdentifier>{93995380-89BD-4b04-88EB-625FBE52EBFB}</UniqueIdentifier>
      <Extensions>h;hh;hpp;hxx;hm;inl;inc;ipp;xsd</Extensions>
    </Filter>
    <Filter Include="资源文件">
      <UniqueIdentifier>{67DA6AB6-F800-4c08-8B7A-83BB121AAD01}</UniqueIdentifier>
      <Extensions>rc;ico;cur;bmp;dlg;rc2;rct;bin;rgs;gif;jpg;jpeg;jpe;resx;tiff;tif;png;wav;mfcribbon-ms</Extensions>
    </Filter>
    <Filter Include="头文件\math">
      <UniqueIdentifier>{1a9abfbc-22b6-4b98-a17b-cce23066fc40}</UniqueIdentifier>
    </Filter>
    <Filter Include="源文件\core">
      <UniqueIdentifier>{316d055d-d926-4317-9de1-0676f4a7a766}</UniqueIdentifier>
    </Filter>
    <Filter Include="头文件\core">
      <UniqueIdentifier>{4d4fedda-22a7-45cd-a1ac-23d5e769d5ea}</UniqueIdentifier>
    </Filter>
    <Filter Include="头文件\core\render">
      <UniqueIdentifier>{75aea4fe-bc14-4645-940a-2688e45241de}</UniqueIdentifier>
    </Filter>
    <Filter Include="源文件\core\render">
      <UniqueIdentifier>{33dae3ef-0881-483d-9d2b-7d88052bfdb0}</UniqueIdentifier>
    </Filter>
    <Filter Include="源文件\match">
      <UniqueIdentifier>{2c7617a8-c0e3-4b84-83ee-6f854a84900b}</UniqueIdentifier>
    </Filter>
    <Filter Include="源文件\core\resource">
      <UniqueIdentifier>{a4ec2f5d-205a-45ae-8919-5858843491bc}</UniqueIdentifier>
    </Filter>
    <Filter Include="头文件\core\resource">
      <UniqueIdentifier>{b634de2f-8a50-43bd-8800-2c9d66dbeeca}</UniqueIdentifier>
    </Filter>
    <Filter Include="头文件\core\models">
      <UniqueIdentifier>{3845c591-e9b4-4ae9-a706-3ceb45640de7}</UniqueIdentifier>
    </Filter>
    <Filter Include="头文件\core\graphics">
      <UniqueIdentifier>{1853381a-682a-4b5a-8f39-1c374cbf6d58}</UniqueIdentifier>
    </Filter>
    <Filter Include="头文件\core\light">
      <UniqueIdentifier>{d3608db4-625c-4c91-b518-b7338c9f679c}</UniqueIdentifier>
    </Filter>
    <Filter Include="源文件\core\graphics">
      <UniqueIdentifier>{07c8563a-aa65-44f5-9044-cd86e52d764b}</UniqueIdentifier>
    </Filter>
    <Filter Include="源文件\core\light">
      <UniqueIdentifier>{0b5f63ae-96e1-40bf-8b9a-a63d8228ea9f}</UniqueIdentifier>
    </Filter>
    <Filter Include="源文件\core\models">
      <UniqueIdentifier>{f835ea70-f652-41b1-b4ad-8da39cbdf117}</UniqueIdentifier>
    </Filter>
    <Filter Include="源文件\core\display">
      <UniqueIdentifier>{2289040a-d4b8-4d38-9072-8b97f1273a77}</UniqueIdentifier>
    </Filter>
    <Filter Include="头文件\core\display">
      <UniqueIdentifier>{6efdda17-4b25-4ee0-883f-e346dcb538b6}</UniqueIdentifier>
    </Filter>
    <Filter Include="源文件\core\resource\shader">
      <UniqueIdentifier>{41d7c3d6-f64d-4e50-bcfb-7e34df7d22a8}</UniqueIdentifier>
    </Filter>
    <Filter Include="头文件\core\resource\shader">
      <UniqueIdentifier>{ee49aeb0-7e24-46ab-9d2a-003b4a79acd3}</UniqueIdentifier>
    </Filter>
    <Filter Include="头文件\core\models\geometries">
      <UniqueIdentifier>{cf052168-61fa-4008-a609-37c3c71db574}</UniqueIdentifier>
    </Filter>
    <Filter Include="源文件\core\models\geometries">
      <UniqueIdentifier>{b11fbc97-d0db-40d1-905d-de5ba83768fc}</UniqueIdentifier>
    </Filter>
    <Filter Include="源文件\core\material">
      <UniqueIdentifier>{d9cdea23-5cf6-4d43-b642-b784a0cda859}</UniqueIdentifier>
    </Filter>
    <Filter Include="头文件\core\material">
      <UniqueIdentifier>{8a1dd101-657f-461f-94a1-11180d8fdf32}</UniqueIdentifier>
    </Filter>
    <Filter Include="头文件\utils">
      <UniqueIdentifier>{1fba2ba8-35eb-4b7e-89d9-3400c55571bc}</UniqueIdentifier>
    </Filter>
    <Filter Include="源文件\utils">
      <UniqueIdentifier>{f801e564-f52e-4b13-9306-4c15ec3c66f2}</UniqueIdentifier>
    </Filter>
    <Filter Include="头文件\core\events">
      <UniqueIdentifier>{bef03407-515f-433f-9fc1-44b39274ae57}</UniqueIdentifier>
    </Filter>
    <Filter Include="源文件\core\events">
      <UniqueIdentifier>{7651684b-f5f3-4ce6-857a-f7dea33cc0f3}</UniqueIdentifier>
    </Filter>
    <Filter Include="头文件\core\ani">
      <UniqueIdentifier>{aa87d6fc-4d5f-4314-aa9c-972bc3ffdb4c}</UniqueIdentifier>
    </Filter>
    <Filter Include="源文件\core\ani">
      <UniqueIdentifier>{3a72c79b-4479-4b2d-8339-2a5bf8a6b855}</UniqueIdentifier>
    </Filter>
  </ItemGroup>
  <ItemGroup>
    <ClCompile Include="main.cpp">
      <Filter>源文件</Filter>
    </ClCompile>
    <ClCompile Include="_common\glad\src\glad.c">
      <Filter>源文件</Filter>
    </ClCompile>
    <ClCompile Include="math\MathUtils.cpp">
      <Filter>源文件\match</Filter>
    </ClCompile>
    <ClCompile Include="core\Liar3D.cpp">
      <Filter>源文件\core</Filter>
    </ClCompile>
    <ClCompile Include="core\light\BaseLight.cpp">
      <Filter>源文件\core\light</Filter>
    </ClCompile>
    <ClCompile Include="core\light\DirectionLight.cpp">
      <Filter>源文件\core\light</Filter>
    </ClCompile>
    <ClCompile Include="core\light\PointLight.cpp">
      <Filter>源文件\core\light</Filter>
    </ClCompile>
    <ClCompile Include="core\light\SpotLight.cpp">
      <Filter>源文件\core\light</Filter>
    </ClCompile>
    <ClCompile Include="core\render\RenderState.cpp">
      <Filter>源文件\core\render</Filter>
    </ClCompile>
    <ClCompile Include="core\resource\BaseTeture.cpp">
      <Filter>源文件\core\resource</Filter>
    </ClCompile>
    <ClCompile Include="core\resource\Resource.cpp">
      <Filter>源文件\core\resource</Filter>
    </ClCompile>
    <ClCompile Include="core\resource\SolidColorTexture.cpp">
      <Filter>源文件\core\resource</Filter>
    </ClCompile>
    <ClCompile Include="core\resource\Texture2D.cpp">
      <Filter>源文件\core\resource</Filter>
    </ClCompile>
    <ClCompile Include="core\display\Node.cpp">
      <Filter>源文件\core\display</Filter>
    </ClCompile>
    <ClCompile Include="core\display\Stage.cpp">
      <Filter>源文件\core\display</Filter>
    </ClCompile>
    <ClCompile Include="core\display\EventDispatcher.cpp">
      <Filter>源文件\core\display</Filter>
    </ClCompile>
    <ClCompile Include="core\display\Transform3D.cpp">
      <Filter>源文件\core\display</Filter>
    </ClCompile>
    <ClCompile Include="core\render\BaseCamera.cpp">
      <Filter>源文件\core\render</Filter>
    </ClCompile>
    <ClCompile Include="core\render\Camera.cpp">
      <Filter>源文件\core\render</Filter>
    </ClCompile>
    <ClCompile Include="math\Viewport.cpp">
      <Filter>源文件\match</Filter>
    </ClCompile>
    <ClCompile Include="math\Matrix3x3.cpp">
      <Filter>源文件\match</Filter>
    </ClCompile>
    <ClCompile Include="math\Matrix4x4.cpp">
      <Filter>源文件\match</Filter>
    </ClCompile>
    <ClCompile Include="math\Quaternion.cpp">
      <Filter>源文件\match</Filter>
    </ClCompile>
    <ClCompile Include="math\Vector3.cpp">
      <Filter>源文件\match</Filter>
    </ClCompile>
    <ClCompile Include="math\Vector4.cpp">
      <Filter>源文件\match</Filter>
    </ClCompile>
    <ClCompile Include="core\models\Mesh.cpp">
      <Filter>源文件\core\models</Filter>
    </ClCompile>
    <ClCompile Include="core\material\BaseMaterial.cpp">
      <Filter>源文件\core\material</Filter>
    </ClCompile>
    <ClCompile Include="core\material\StandardMaterial.cpp">
      <Filter>源文件\core\material</Filter>
    </ClCompile>
    <ClCompile Include="core\render\RenderQueue.cpp">
      <Filter>源文件\core\render</Filter>
    </ClCompile>
    <ClCompile Include="core\resource\shader\ShaderCompile.cpp">
      <Filter>源文件\core\resource\shader</Filter>
    </ClCompile>
    <ClCompile Include="core\resource\shader\ShaderValue.cpp">
      <Filter>源文件\core\resource\shader</Filter>
    </ClCompile>
    <ClCompile Include="core\resource\shader\ShaderProgram.cpp">
      <Filter>源文件\core\resource\shader</Filter>
    </ClCompile>
    <ClCompile Include="utils\URL.cpp">
      <Filter>源文件\utils</Filter>
    </ClCompile>
    <ClCompile Include="core\render\Renderer.cpp">
      <Filter>源文件\core\render</Filter>
    </ClCompile>
    <ClCompile Include="core\render\RenderUnit.cpp">
      <Filter>源文件\core\render</Filter>
    </ClCompile>
    <ClCompile Include="..\..\VSOpenGL\OpenGL\stb_load\deprecated\stb_image.c">
      <Filter>源文件</Filter>
    </ClCompile>
    <ClCompile Include="utils\CameraMoveScript.cpp">
      <Filter>源文件\utils</Filter>
    </ClCompile>
    <ClCompile Include="core\events\EventController.cpp">
      <Filter>源文件\core\events</Filter>
    </ClCompile>
    <ClCompile Include="core\events\Event.cpp">
      <Filter>源文件\core\events</Filter>
    </ClCompile>
    <ClCompile Include="core\events\MouseEvent.cpp">
      <Filter>源文件\core\events</Filter>
    </ClCompile>
    <ClCompile Include="core\models\geometries\BoxGeometry.cpp">
      <Filter>源文件\core\models\geometries</Filter>
    </ClCompile>
    <ClCompile Include="core\models\geometries\Geometry.cpp">
      <Filter>源文件\core\models\geometries</Filter>
    </ClCompile>
    <ClCompile Include="core\graphics\IRawVertexBuffers.cpp">
      <Filter>源文件\core\graphics</Filter>
    </ClCompile>
    <ClCompile Include="core\graphics\VertexFactory.cpp">
      <Filter>源文件\core\graphics</Filter>
    </ClCompile>
    <ClCompile Include="core\models\GeometryFactory.cpp">
      <Filter>源文件\core\models</Filter>
    </ClCompile>
    <ClCompile Include="core\models\Model.cpp">
      <Filter>源文件\core\models</Filter>
    </ClCompile>
    <ClCompile Include="core\models\geometries\NetGeometry.cpp">
      <Filter>源文件\core\models\geometries</Filter>
    </ClCompile>
    <ClCompile Include="core\material\MTL.cpp">
      <Filter>源文件\core\material</Filter>
    </ClCompile>
    <ClCompile Include="core\graphics\ISubVertexBuffers.cpp">
      <Filter>源文件\core\graphics</Filter>
    </ClCompile>
    <ClCompile Include="core\graphics\SubVertexBuffers.cpp">
      <Filter>源文件\core\graphics</Filter>
    </ClCompile>
    <ClCompile Include="core\graphics\RawVertexBuffersPosition.cpp">
      <Filter>源文件\core\graphics</Filter>
    </ClCompile>
    <ClCompile Include="core\graphics\RawVertexBuffersPositionColor.cpp">
      <Filter>源文件\core\graphics</Filter>
    </ClCompile>
    <ClCompile Include="core\graphics\RawVertexBuffersPositionNormal.cpp">
      <Filter>源文件\core\graphics</Filter>
    </ClCompile>
    <ClCompile Include="core\graphics\RawVertexBuffersPositionNormalColor.cpp">
      <Filter>源文件\core\graphics</Filter>
    </ClCompile>
    <ClCompile Include="core\graphics\RawVertexBuffersPositionNormalColorTexture.cpp">
      <Filter>源文件\core\graphics</Filter>
    </ClCompile>
    <ClCompile Include="core\graphics\RawVertexBuffersPositionNormalTexture.cpp">
      <Filter>源文件\core\graphics</Filter>
    </ClCompile>
    <ClCompile Include="core\graphics\RawVertexBuffersPositionNormalTextureSkin.cpp">
      <Filter>源文件\core\graphics</Filter>
    </ClCompile>
    <ClCompile Include="core\graphics\RawVertexBuffersPositionTexture.cpp">
      <Filter>源文件\core\graphics</Filter>
    </ClCompile>
    <ClCompile Include="core\ani\Skeleton.cpp">
      <Filter>源文件\core\ani</Filter>
    </ClCompile>
    <ClCompile Include="core\ani\Bone.cpp">
      <Filter>源文件\core\ani</Filter>
    </ClCompile>
    <ClCompile Include="math\ByteArray.cpp">
      <Filter>源文件\match</Filter>
    </ClCompile>
  </ItemGroup>
  <ItemGroup>
    <ClInclude Include="include\math\Matrix3x3.h">
      <Filter>头文件\math</Filter>
    </ClInclude>
    <ClInclude Include="include\math\Matrix4x4.h">
      <Filter>头文件\math</Filter>
    </ClInclude>
    <ClInclude Include="include\math\Quaternion.h">
      <Filter>头文件\math</Filter>
    </ClInclude>
    <ClInclude Include="include\math\Vector3.h">
      <Filter>头文件\math</Filter>
    </ClInclude>
    <ClInclude Include="include\math\Vector4.h">
      <Filter>头文件\math</Filter>
    </ClInclude>
    <ClInclude Include="include\math\MathUtils3D.h">
      <Filter>头文件\math</Filter>
    </ClInclude>
    <ClInclude Include="include\math\Vector2.h">
      <Filter>头文件\math</Filter>
    </ClInclude>
    <ClInclude Include="include\math\Viewport.h">
      <Filter>头文件\math</Filter>
    </ClInclude>
    <ClInclude Include="include\LiarType.h">
      <Filter>头文件</Filter>
    </ClInclude>
    <ClInclude Include="include\math\Plane.h">
      <Filter>头文件\math</Filter>
    </ClInclude>
    <ClInclude Include="include\core\render\RenderState.h">
      <Filter>头文件\core\render</Filter>
    </ClInclude>
    <ClInclude Include="include\core\resource\Resource.h">
      <Filter>头文件\core\resource</Filter>
    </ClInclude>
    <ClInclude Include="include\core\resource\BaseTexture.h">
      <Filter>头文件\core\resource</Filter>
    </ClInclude>
    <ClInclude Include="include\core\resource\Textrue2D.h">
      <Filter>头文件\core\resource</Filter>
    </ClInclude>
    <ClInclude Include="include\core\resource\SolidColorTexture2D.h">
      <Filter>头文件\core\resource</Filter>
    </ClInclude>
    <ClInclude Include="include\core\graphics\VertexType.h">
      <Filter>头文件\core\graphics</Filter>
    </ClInclude>
    <ClInclude Include="include\core\graphics\VertexFactory.h">
      <Filter>头文件\core\graphics</Filter>
    </ClInclude>
    <ClInclude Include="include\core\light\BaseLight.h">
      <Filter>头文件\core\light</Filter>
    </ClInclude>
    <ClInclude Include="include\core\light\DirectionLight.h">
      <Filter>头文件\core\light</Filter>
    </ClInclude>
    <ClInclude Include="include\core\light\PointLight.h">
      <Filter>头文件\core\light</Filter>
    </ClInclude>
    <ClInclude Include="include\core\light\SpotLight.h">
      <Filter>头文件\core\light</Filter>
    </ClInclude>
    <ClInclude Include="include\Liar3D.h">
      <Filter>头文件</Filter>
    </ClInclude>
    <ClInclude Include="include\core\display\EventDispatcher.h">
      <Filter>头文件\core\display</Filter>
    </ClInclude>
    <ClInclude Include="include\core\display\Node.h">
      <Filter>头文件\core\display</Filter>
    </ClInclude>
    <ClInclude Include="include\core\display\Stage.hpp">
      <Filter>头文件\core\display</Filter>
    </ClInclude>
    <ClInclude Include="include\core\display\Transform3D.h">
      <Filter>头文件\core\display</Filter>
    </ClInclude>
    <ClInclude Include="include\core\render\BaseCamera.h">
      <Filter>头文件\core\render</Filter>
    </ClInclude>
    <ClInclude Include="include\core\render\Camera.h">
      <Filter>头文件\core\render</Filter>
    </ClInclude>
    <ClInclude Include="include\core\render\StageContext.h">
      <Filter>头文件\core\render</Filter>
    </ClInclude>
    <ClInclude Include="include\core\models\geometries\Geometry.h">
      <Filter>头文件\core\models\geometries</Filter>
    </ClInclude>
    <ClInclude Include="include\core\models\geometries\BoxGeometry.h">
      <Filter>头文件\core\models\geometries</Filter>
    </ClInclude>
    <ClInclude Include="include\core\models\GeometryFactory.h">
      <Filter>头文件\core\models</Filter>
    </ClInclude>
    <ClInclude Include="include\core\models\Mesh.h">
      <Filter>头文件\core\models</Filter>
    </ClInclude>
    <ClInclude Include="include\core\material\BaseMaterial.h">
      <Filter>头文件\core\material</Filter>
    </ClInclude>
    <ClInclude Include="include\core\material\MaterialDefine.h">
      <Filter>头文件\core\material</Filter>
    </ClInclude>
    <ClInclude Include="include\core\material\StandardMaterial.h">
      <Filter>头文件\core\material</Filter>
    </ClInclude>
    <ClInclude Include="include\core\render\RenderQueue.h">
      <Filter>头文件\core\render</Filter>
    </ClInclude>
    <ClInclude Include="include\core\resource\shader\ShaderCompile.h">
      <Filter>头文件\core\resource\shader</Filter>
    </ClInclude>
    <ClInclude Include="include\core\resource\shader\ShaderDefine.h">
      <Filter>头文件\core\resource\shader</Filter>
    </ClInclude>
    <ClInclude Include="include\core\render\RenderDefine.h">
      <Filter>头文件\core\render</Filter>
    </ClInclude>
    <ClInclude Include="include\core\resource\shader\ShaderValue.h">
      <Filter>头文件\core\resource\shader</Filter>
    </ClInclude>
    <ClInclude Include="include\core\resource\shader\ShaderProgram.h">
      <Filter>头文件\core\resource\shader</Filter>
    </ClInclude>
    <ClInclude Include="include\utils\StringParse.h">
      <Filter>头文件\utils</Filter>
    </ClInclude>
    <ClInclude Include="include\utils\URL.h">
      <Filter>头文件\utils</Filter>
    </ClInclude>
    <ClInclude Include="include\core\render\RenderUnit.h">
      <Filter>头文件\core\render</Filter>
    </ClInclude>
    <ClInclude Include="include\core\render\Renderer.h">
      <Filter>头文件\core\render</Filter>
    </ClInclude>
    <ClInclude Include="include\utils\CameraMoveScript.h">
      <Filter>头文件\utils</Filter>
    </ClInclude>
    <ClInclude Include="include\core\events\EventController.h">
      <Filter>头文件\core\events</Filter>
    </ClInclude>
    <ClInclude Include="include\core\events\EventType.h">
      <Filter>头文件\core\events</Filter>
    </ClInclude>
    <ClInclude Include="include\core\events\Event.h">
      <Filter>头文件\core\events</Filter>
    </ClInclude>
    <ClInclude Include="include\core\events\MouseEvent.h">
      <Filter>头文件\core\events</Filter>
    </ClInclude>
    <ClInclude Include="include\core\graphics\IRawVertexBuffers.h">
      <Filter>头文件\core\graphics</Filter>
    </ClInclude>
    <ClInclude Include="include\core\models\Model.h">
      <Filter>头文件\core\models</Filter>
    </ClInclude>
    <ClInclude Include="include\core\models\geometries\NetGeometry.h">
      <Filter>头文件\core\models\geometries</Filter>
    </ClInclude>
    <ClInclude Include="include\core\material\MTL.h">
      <Filter>头文件\core\material</Filter>
    </ClInclude>
    <ClInclude Include="include\core\graphics\ISubVertexBuffers.h">
      <Filter>头文件\core\graphics</Filter>
    </ClInclude>
    <ClInclude Include="include\core\graphics\SubVertexBuffers.h">
      <Filter>头文件\core\graphics</Filter>
    </ClInclude>
    <ClInclude Include="include\core\graphics\RawVertexBuffersPosition.h">
      <Filter>头文件\core\graphics</Filter>
    </ClInclude>
    <ClInclude Include="include\core\graphics\RawVertexBuffersPositionColor.h">
      <Filter>头文件\core\graphics</Filter>
    </ClInclude>
    <ClInclude Include="include\core\graphics\RawVertexBuffersPositionNormal.h">
      <Filter>头文件\core\graphics</Filter>
    </ClInclude>
    <ClInclude Include="include\core\graphics\RawVertexBuffersPositionNormalColor.h">
      <Filter>头文件\core\graphics</Filter>
    </ClInclude>
    <ClInclude Include="include\core\graphics\RawVertexBuffersPositionNormalColorTexture.h">
      <Filter>头文件\core\graphics</Filter>
    </ClInclude>
    <ClInclude Include="include\core\graphics\RawVertexBuffersPositionNormalTexture.h">
      <Filter>头文件\core\graphics</Filter>
    </ClInclude>
    <ClInclude Include="include\core\graphics\RawVertexBuffersPositionNormalTextureSkin.h">
      <Filter>头文件\core\graphics</Filter>
    </ClInclude>
    <ClInclude Include="include\core\graphics\RawVertexBuffersPositionTexture.h">
      <Filter>头文件\core\graphics</Filter>
    </ClInclude>
    <ClInclude Include="include\core\ani\Skeleton.h">
      <Filter>头文件\core\ani</Filter>
    </ClInclude>
    <ClInclude Include="include\core\ani\Bone.h">
      <Filter>头文件\core\ani</Filter>
    </ClInclude>
    <ClInclude Include="include\math\ByteArray.h">
      <Filter>头文件\math</Filter>
    </ClInclude>
  </ItemGroup>
</Project>